
Microsoft Visual Studio Solution File, Format Version 12.00
# Visual Studio Version 16
VisualStudioVersion = 16.0.31829.152
MinimumVisualStudioVersion = 10.0.40219.1
Project("{FAE04EC0-301F-11D3-BF4B-00C04F79EFBC}") = "OyunİncelemeSitesiProjesi", "OyunİncelemeSitesiProjesi\OyunİncelemeSitesiProjesi.csproj", "{5399852D-85A1-43F7-9819-FDDF261024B2}"
EndProject
Global
	GlobalSection(SolutionConfigurationPlatforms) = preSolution
		Debug|Any CPU = Debug|Any CPU
		Release|Any CPU = Release|Any CPU
	EndGlobalSection
	GlobalSection(ProjectConfigurationPlatforms) = postSolution
		{5399852D-85A1-43F7-9819-FDDF261024B2}.Debug|Any CPU.ActiveCfg = Debug|Any CPU
		{5399852D-85A1-43F7-9819-FDDF261024B2}.Debug|Any CPU.Build.0 = Debug|Any CPU
		{5399852D-85A1-43F7-9819-FDDF261024B2}.Release|Any CPU.ActiveCfg = Release|Any CPU
		{5399852D-85A1-43F7-9819-FDDF261024B2}.Release|Any CPU.Build.0 = Release|Any CPU
	EndGlobalSection
	GlobalSection(SolutionProperties) = preSolution
		HideSolutionNode = FALSE
	EndGlobalSection
	GlobalSection(ExtensibilityGlobals) = postSolution
		SolutionGuid = {B87A061D-1AC4-4FD3-B627-C8A751CCBC94}
	EndGlobalSection
EndGlobal
